{
  "name": "co2",
  "version": "0.0.3",
  "lockfileVersion": 3,
  "requires": true,
  "packages": {
    "": {
      "name": "co2",
      "version": "0.0.3",
      "license": "copyleft-next-0.3.1",
      "dependencies": {
        "node-co2-monitor": "^0.3.1",
        "usb": "2.10"
      }
    },
    "node_modules/@types/w3c-web-usb": {
      "version": "1.0.6",
      "resolved": "https://registry.npmjs.org/@types/w3c-web-usb/-/w3c-web-usb-1.0.6.tgz",
      "integrity": "sha512-cSjhgrr8g4KbPnnijAr/KJDNKa/bBa+ixYkywFRvrhvi9n1WEl7yYbtRyzE6jqNQiSxxJxoAW3STaOQwJHndaw=="
    },
    "node_modules/node-addon-api": {
      "version": "7.0.0",
      "resolved": "https://registry.npmjs.org/node-addon-api/-/node-addon-api-7.0.0.tgz",
      "integrity": "sha512-vgbBJTS4m5/KkE16t5Ly0WW9hz46swAstv0hYYwMtbG7AznRhNyfLRe8HZAiWIpcHzoO7HxhLuBQj9rJ/Ho0ZA=="
    },
    "node_modules/node-co2-monitor": {
      "version": "0.3.1",
      "resolved": "https://registry.npmjs.org/node-co2-monitor/-/node-co2-monitor-0.3.1.tgz",
      "integrity": "sha512-XQEqNN2vsrwlRcskdRjlWZJybjNf+3jHXdhLwxznfsir42BhYxSQ1fgvenUvNfMrcczmHZDFUzaj0m9mDkUxqQ==",
      "os": [
        "linux",
        "win32",
        "darwin"
      ],
      "dependencies": {
        "usb": "^1.6.3"
      },
      "engines": {
        "node": ">=8.0"
      }
    },
    "node_modules/node-co2-monitor/node_modules/node-addon-api": {
      "version": "4.3.0",
      "resolved": "https://registry.npmjs.org/node-addon-api/-/node-addon-api-4.3.0.tgz",
      "integrity": "sha512-73sE9+3UaLYYFmDsFZnqCInzPyh3MqIwZO9cw58yIqAZhONrrabrYyYe3TuIqtIiOuTXVhsGau8hcrhhwSsDIQ=="
    },
    "node_modules/node-co2-monitor/node_modules/usb": {
      "version": "1.9.2",
      "resolved": "https://registry.npmjs.org/usb/-/usb-1.9.2.tgz",
      "integrity": "sha512-dryNz030LWBPAf6gj8vyq0Iev3vPbCLHCT8dBw3gQRXRzVNsIdeuU+VjPp3ksmSPkeMAl1k+kQ14Ij0QHyeiAg==",
      "hasInstallScript": true,
      "dependencies": {
        "node-addon-api": "^4.2.0",
        "node-gyp-build": "^4.3.0"
      },
      "engines": {
        "node": ">=10.16.0"
      }
    },
    "node_modules/node-gyp-build": {
      "version": "4.6.1",
      "resolved": "https://registry.npmjs.org/node-gyp-build/-/node-gyp-build-4.6.1.tgz",
      "integrity": "sha512-24vnklJmyRS8ViBNI8KbtK/r/DmXQMRiOMXTNz2nrTnAYUwjmEEbnnpB/+kt+yWRv73bPsSPRFddrcIbAxSiMQ==",
      "bin": {
        "node-gyp-build": "bin.js",
        "node-gyp-build-optional": "optional.js",
        "node-gyp-build-test": "build-test.js"
      }
    },
    "node_modules/usb": {
      "version": "2.10.0",
      "resolved": "https://registry.npmjs.org/usb/-/usb-2.10.0.tgz",
      "integrity": "sha512-FbzLhziRs4rHnTDZX+eKl9yBVjiuMNX+opl0r8TFPj265PuNtqak3qw5c8DLpBwq3z1JZgAOgm5Nn7cV30nCxg==",
      "hasInstallScript": true,
      "dependencies": {
        "@types/w3c-web-usb": "^1.0.6",
        "node-addon-api": "^7.0.0",
        "node-gyp-build": "^4.5.0"
      },
      "engines": {
        "node": ">=12.22.0 <13.0 || >=14.17.0"
      }
    }
  }
}
